// !$*UTF8*$!
{
	archiveVersion = 1;
	classes = {
	};
	objectVersion = 56;
	objects = {

/* Begin PBXBuildFile section */
		F8AD8B952BCB19CD00AB4BDA /* Recipe_Snap_and_StoreApp.swift in Sources */ = {isa = PBXBuildFile; fileRef = F8AD8B942BCB19CD00AB4BDA /* Recipe_Snap_and_StoreApp.swift */; };
		F8AD8B972BCB19CD00AB4BDA /* ContentView.swift in Sources */ = {isa = PBXBuildFile; fileRef = F8AD8B962BCB19CD00AB4BDA /* ContentView.swift */; };
		F8AD8B992BCB19CE00AB4BDA /* Assets.xcassets in Resources */ = {isa = PBXBuildFile; fileRef = F8AD8B982BCB19CE00AB4BDA /* Assets.xcassets */; };
		F8AD8B9C2BCB19CE00AB4BDA /* Preview Assets.xcassets in Resources */ = {isa = PBXBuildFile; fileRef = F8AD8B9B2BCB19CE00AB4BDA /* Preview Assets.xcassets */; };
		F8AD8BA42BCB1A8B00AB4BDA /* FirebaseAnalytics in Frameworks */ = {isa = PBXBuildFile; productRef = F8AD8BA32BCB1A8B00AB4BDA /* FirebaseAnalytics */; };
		F8AD8BA62BCB1A8B00AB4BDA /* FirebaseAnalyticsOnDeviceConversion in Frameworks */ = {isa = PBXBuildFile; productRef = F8AD8BA52BCB1A8B00AB4BDA /* FirebaseAnalyticsOnDeviceConversion */; };
		F8AD8BA82BCB1A8B00AB4BDA /* FirebaseAnalyticsSwift in Frameworks */ = {isa = PBXBuildFile; productRef = F8AD8BA72BCB1A8B00AB4BDA /* FirebaseAnalyticsSwift */; };
		F8AD8BAA2BCB1A8B00AB4BDA /* FirebaseAnalyticsWithoutAdIdSupport in Frameworks */ = {isa = PBXBuildFile; productRef = F8AD8BA92BCB1A8B00AB4BDA /* FirebaseAnalyticsWithoutAdIdSupport */; };
		F8AD8BAC2BCB1A8B00AB4BDA /* FirebaseAppCheck in Frameworks */ = {isa = PBXBuildFile; productRef = F8AD8BAB2BCB1A8B00AB4BDA /* FirebaseAppCheck */; };
		F8D2315A2BCB1B9C00D3A3E8 /* GoogleService-Info.plist in Resources */ = {isa = PBXBuildFile; fileRef = F8D231592BCB1B9C00D3A3E8 /* GoogleService-Info.plist */; };
		F8D2315C2BCB1D3E00D3A3E8 /* AuthenticationService.swift in Sources */ = {isa = PBXBuildFile; fileRef = F8D2315B2BCB1D3E00D3A3E8 /* AuthenticationService.swift */; };
		F8D2315F2BCB1DA700D3A3E8 /* FirebaseAuth in Frameworks */ = {isa = PBXBuildFile; productRef = F8D2315E2BCB1DA700D3A3E8 /* FirebaseAuth */; };
		F8D231612BCB1E9D00D3A3E8 /* SignUpView.swift in Sources */ = {isa = PBXBuildFile; fileRef = F8D231602BCB1E9D00D3A3E8 /* SignUpView.swift */; };
		F8D231632BCB1EAF00D3A3E8 /* LogInView.swift in Sources */ = {isa = PBXBuildFile; fileRef = F8D231622BCB1EAF00D3A3E8 /* LogInView.swift */; };
/* End PBXBuildFile section */

/* Begin PBXFileReference section */
		F8AD8B912BCB19CD00AB4BDA /* Recipe-Snap-and-Store.app */ = {isa = PBXFileReference; explicitFileType = wrapper.application; includeInIndex = 0; path = "Recipe-Snap-and-Store.app"; sourceTree = BUILT_PRODUCTS_DIR; };
		F8AD8B942BCB19CD00AB4BDA /* Recipe_Snap_and_StoreApp.swift */ = {isa = PBXFileReference; lastKnownFileType = sourcecode.swift; path = Recipe_Snap_and_StoreApp.swift; sourceTree = "<group>"; };
		F8AD8B962BCB19CD00AB4BDA /* ContentView.swift */ = {isa = PBXFileReference; lastKnownFileType = sourcecode.swift; path = ContentView.swift; sourceTree = "<group>"; };
		F8AD8B982BCB19CE00AB4BDA /* Assets.xcassets */ = {isa = PBXFileReference; lastKnownFileType = folder.assetcatalog; path = Assets.xcassets; sourceTree = "<group>"; };
		F8AD8B9B2BCB19CE00AB4BDA /* Preview Assets.xcassets */ = {isa = PBXFileReference; lastKnownFileType = folder.assetcatalog; path = "Preview Assets.xcassets"; sourceTree = "<group>"; };
		F8D231592BCB1B9C00D3A3E8 /* GoogleService-Info.plist */ = {isa = PBXFileReference; fileEncoding = 4; lastKnownFileType = text.plist.xml; path = "GoogleService-Info.plist"; sourceTree = "<group>"; };
		F8D2315B2BCB1D3E00D3A3E8 /* AuthenticationService.swift */ = {isa = PBXFileReference; lastKnownFileType = sourcecode.swift; path = AuthenticationService.swift; sourceTree = "<group>"; };
		F8D231602BCB1E9D00D3A3E8 /* SignUpView.swift */ = {isa = PBXFileReference; lastKnownFileType = sourcecode.swift; path = SignUpView.swift; sourceTree = "<group>"; };
		F8D231622BCB1EAF00D3A3E8 /* LogInView.swift */ = {isa = PBXFileReference; lastKnownFileType = sourcecode.swift; path = LogInView.swift; sourceTree = "<group>"; };
/* End PBXFileReference section */

/* Begin PBXFrameworksBuildPhase section */
		F8AD8B8E2BCB19CD00AB4BDA /* Frameworks */ = {
			isa = PBXFrameworksBuildPhase;
			buildActionMask = 2147483647;
			files = (
				F8AD8BA82BCB1A8B00AB4BDA /* FirebaseAnalyticsSwift in Frameworks */,
				F8D2315F2BCB1DA700D3A3E8 /* FirebaseAuth in Frameworks */,
				F8AD8BA42BCB1A8B00AB4BDA /* FirebaseAnalytics in Frameworks */,
				F8AD8BA62BCB1A8B00AB4BDA /* FirebaseAnalyticsOnDeviceConversion in Frameworks */,
				F8AD8BAC2BCB1A8B00AB4BDA /* FirebaseAppCheck in Frameworks */,
				F8AD8BAA2BCB1A8B00AB4BDA /* FirebaseAnalyticsWithoutAdIdSupport in Frameworks */,
			);
			runOnlyForDeploymentPostprocessing = 0;
		};
/* End PBXFrameworksBuildPhase section */

/* Begin PBXGroup section */
		F8AD8B882BCB19CD00AB4BDA = {
			isa = PBXGroup;
			children = (
				F8AD8B932BCB19CD00AB4BDA /* Recipe-Snap-and-Store */,
				F8AD8B922BCB19CD00AB4BDA /* Products */,
				F8D2315D2BCB1DA700D3A3E8 /* Frameworks */,
			);
			sourceTree = "<group>";
		};
		F8AD8B922BCB19CD00AB4BDA /* Products */ = {
			isa = PBXGroup;
			children = (
				F8AD8B912BCB19CD00AB4BDA /* Recipe-Snap-and-Store.app */,
			);
			name = Products;
			sourceTree = "<group>";
		};
		F8AD8B932BCB19CD00AB4BDA /* Recipe-Snap-and-Store */ = {
			isa = PBXGroup;
			children = (
				F8D231592BCB1B9C00D3A3E8 /* GoogleService-Info.plist */,
				F8AD8B942BCB19CD00AB4BDA /* Recipe_Snap_and_StoreApp.swift */,
				F8AD8B962BCB19CD00AB4BDA /* ContentView.swift */,
				F8AD8B982BCB19CE00AB4BDA /* Assets.xcassets */,
				F8AD8B9A2BCB19CE00AB4BDA /* Preview Content */,
				F8D2315B2BCB1D3E00D3A3E8 /* AuthenticationService.swift */,
				F8D231602BCB1E9D00D3A3E8 /* SignUpView.swift */,
				F8D231622BCB1EAF00D3A3E8 /* LogInView.swift */,
			);
			path = "Recipe-Snap-and-Store";
			sourceTree = "<group>";
		};
		F8AD8B9A2BCB19CE00AB4BDA /* Preview Content */ = {
			isa = PBXGroup;
			children = (
				F8AD8B9B2BCB19CE00AB4BDA /* Preview Assets.xcassets */,
			);
			path = "Preview Content";
			sourceTree = "<group>";
		};
		F8D2315D2BCB1DA700D3A3E8 /* Frameworks */ = {
			isa = PBXGroup;
			children = (
			);
			name = Frameworks;
			sourceTree = "<group>";
		};
/* End PBXGroup section */

/* Begin PBXNativeTarget section */
		F8AD8B902BCB19CD00AB4BDA /* Recipe-Snap-and-Store */ = {
			isa = PBXNativeTarget;
			buildConfigurationList = F8AD8B9F2BCB19CE00AB4BDA /* Build configuration list for PBXNativeTarget "Recipe-Snap-and-Store" */;
			buildPhases = (
				F8AD8B8D2BCB19CD00AB4BDA /* Sources */,
				F8AD8B8E2BCB19CD00AB4BDA /* Frameworks */,
				F8AD8B8F2BCB19CD00AB4BDA /* Resources */,
			);
			buildRules = (
			);
			dependencies = (
			);
			name = "Recipe-Snap-and-Store";
			packageProductDependencies = (
				F8AD8BA32BCB1A8B00AB4BDA /* FirebaseAnalytics */,
				F8AD8BA52BCB1A8B00AB4BDA /* FirebaseAnalyticsOnDeviceConversion */,
				F8AD8BA72BCB1A8B00AB4BDA /* FirebaseAnalyticsSwift */,
				F8AD8BA92BCB1A8B00AB4BDA /* FirebaseAnalyticsWithoutAdIdSupport */,
				F8AD8BAB2BCB1A8B00AB4BDA /* FirebaseAppCheck */,
				F8D2315E2BCB1DA700D3A3E8 /* FirebaseAuth */,
			);
			productName = "Recipe-Snap-and-Store";
			productReference = F8AD8B912BCB19CD00AB4BDA /* Recipe-Snap-and-Store.app */;
			productType = "com.apple.product-type.application";
		};
/* End PBXNativeTarget section */

/* Begin PBXProject section */
		F8AD8B892BCB19CD00AB4BDA /* Project object */ = {
			isa = PBXProject;
			attributes = {
				BuildIndependentTargetsInParallel = 1;
				LastSwiftUpdateCheck = 1500;
				LastUpgradeCheck = 1500;
				TargetAttributes = {
					F8AD8B902BCB19CD00AB4BDA = {
						CreatedOnToolsVersion = 15.0;
					};
				};
			};
			buildConfigurationList = F8AD8B8C2BCB19CD00AB4BDA /* Build configuration list for PBXProject "Recipe-Snap-and-Store" */;
			compatibilityVersion = "Xcode 14.0";
			developmentRegion = en;
			hasScannedForEncodings = 0;
			knownRegions = (
				en,
				Base,
			);
			mainGroup = F8AD8B882BCB19CD00AB4BDA;
			packageReferences = (
				F8AD8BA22BCB1A8B00AB4BDA /* XCRemoteSwiftPackageReference "firebase-ios-sdk" */,
			);
			productRefGroup = F8AD8B922BCB19CD00AB4BDA /* Products */;
			projectDirPath = "";
			projectRoot = "";
			targets = (
				F8AD8B902BCB19CD00AB4BDA /* Recipe-Snap-and-Store */,
			);
		};
/* End PBXProject section */

/* Begin PBXResourcesBuildPhase section */
		F8AD8B8F2BCB19CD00AB4BDA /* Resources */ = {
			isa = PBXResourcesBuildPhase;
			buildActionMask = 2147483647;
			files = (
				F8AD8B9C2BCB19CE00AB4BDA /* Preview Assets.xcassets in Resources */,
				F8AD8B992BCB19CE00AB4BDA /* Assets.xcassets in Resources */,
				F8D2315A2BCB1B9C00D3A3E8 /* GoogleService-Info.plist in Resources */,
			);
			runOnlyForDeploymentPostprocessing = 0;
		};
/* End PBXResourcesBuildPhase section */

/* Begin PBXSourcesBuildPhase section */
		F8AD8B8D2BCB19CD00AB4BDA /* Sources */ = {
			isa = PBXSourcesBuildPhase;
			buildActionMask = 2147483647;
			files = (
				F8D231632BCB1EAF00D3A3E8 /* LogInView.swift in Sources */,
				F8D231612BCB1E9D00D3A3E8 /* SignUpView.swift in Sources */,
				F8D2315C2BCB1D3E00D3A3E8 /* AuthenticationService.swift in Sources */,
				F8AD8B972BCB19CD00AB4BDA /* ContentView.swift in Sources */,
				F8AD8B952BCB19CD00AB4BDA /* Recipe_Snap_and_StoreApp.swift in Sources */,
			);
			runOnlyForDeploymentPostprocessing = 0;
		};
/* End PBXSourcesBuildPhase section */

/* Begin XCBuildConfiguration section */
		F8AD8B9D2BCB19CE00AB4BDA /* Debug */ = {
			isa = XCBuildConfiguration;
			buildSettings = {
				ALWAYS_SEARCH_USER_PATHS = NO;
				ASSETCATALOG_COMPILER_GENERATE_SWIFT_ASSET_SYMBOL_EXTENSIONS = YES;
				CLANG_ANALYZER_NONNULL = YES;
				CLANG_ANALYZER_NUMBER_OBJECT_CONVERSION = YES_AGGRESSIVE;
				CLANG_CXX_LANGUAGE_STANDARD = "gnu++20";
				CLANG_ENABLE_MODULES = YES;
				CLANG_ENABLE_OBJC_ARC = YES;
				CLANG_ENABLE_OBJC_WEAK = YES;
				CLANG_WARN_BLOCK_CAPTURE_AUTORELEASING = YES;
				CLANG_WARN_BOOL_CONVERSION = YES;
				CLANG_WARN_COMMA = YES;
				CLANG_WARN_CONSTANT_CONVERSION = YES;
				CLANG_WARN_DEPRECATED_OBJC_IMPLEMENTATIONS = YES;
				CLANG_WARN_DIRECT_OBJC_ISA_USAGE = YES_ERROR;
				CLANG_WARN_DOCUMENTATION_COMMENTS = YES;
				CLANG_WARN_EMPTY_BODY = YES;
				CLANG_WARN_ENUM_CONVERSION = YES;
				CLANG_WARN_INFINITE_RECURSION = YES;
				CLANG_WARN_INT_CONVERSION = YES;
				CLANG_WARN_NON_LITERAL_NULL_CONVERSION = YES;
				CLANG_WARN_OBJC_IMPLICIT_RETAIN_SELF = YES;
				CLANG_WARN_OBJC_LITERAL_CONVERSION = YES;
				CLANG_WARN_OBJC_ROOT_CLASS = YES_ERROR;
				CLANG_WARN_QUOTED_INCLUDE_IN_FRAMEWORK_HEADER = YES;
				CLANG_WARN_RANGE_LOOP_ANALYSIS = YES;
				CLANG_WARN_STRICT_PROTOTYPES = YES;
				CLANG_WARN_SUSPICIOUS_MOVE = YES;
				CLANG_WARN_UNGUARDED_AVAILABILITY = YES_AGGRESSIVE;
				CLANG_WARN_UNREACHABLE_CODE = YES;
				CLANG_WARN__DUPLICATE_METHOD_MATCH = YES;
				COPY_PHASE_STRIP = NO;
				DEBUG_INFORMATION_FORMAT = dwarf;
				ENABLE_STRICT_OBJC_MSGSEND = YES;
				ENABLE_TESTABILITY = YES;
				ENABLE_USER_SCRIPT_SANDBOXING = YES;
				GCC_C_LANGUAGE_STANDARD = gnu17;
				GCC_DYNAMIC_NO_PIC = NO;
				GCC_NO_COMMON_BLOCKS = YES;
				GCC_OPTIMIZATION_LEVEL = 0;
				GCC_PREPROCESSOR_DEFINITIONS = (
					"DEBUG=1",
					"$(inherited)",
				);
				GCC_WARN_64_TO_32_BIT_CONVERSION = YES;
				GCC_WARN_ABOUT_RETURN_TYPE = YES_ERROR;
				GCC_WARN_UNDECLARED_SELECTOR = YES;
				GCC_WARN_UNINITIALIZED_AUTOS = YES_AGGRESSIVE;
				GCC_WARN_UNUSED_FUNCTION = YES;
				GCC_WARN_UNUSED_VARIABLE = YES;
				IPHONEOS_DEPLOYMENT_TARGET = 17.0;
				LOCALIZATION_PREFERS_STRING_CATALOGS = YES;
				MTL_ENABLE_DEBUG_INFO = INCLUDE_SOURCE;
				MTL_FAST_MATH = YES;
				ONLY_ACTIVE_ARCH = YES;
				SDKROOT = iphoneos;
				SWIFT_ACTIVE_COMPILATION_CONDITIONS = "DEBUG $(inherited)";
				SWIFT_OPTIMIZATION_LEVEL = "-Onone";
			};
			name = Debug;
		};
		F8AD8B9E2BCB19CE00AB4BDA /* Release */ = {
			isa = XCBuildConfiguration;
			buildSettings = {
				ALWAYS_SEARCH_USER_PATHS = NO;
				ASSETCATALOG_COMPILER_GENERATE_SWIFT_ASSET_SYMBOL_EXTENSIONS = YES;
				CLANG_ANALYZER_NONNULL = YES;
				CLANG_ANALYZER_NUMBER_OBJECT_CONVERSION = YES_AGGRESSIVE;
				CLANG_CXX_LANGUAGE_STANDARD = "gnu++20";
				CLANG_ENABLE_MODULES = YES;
				CLANG_ENABLE_OBJC_ARC = YES;
				CLANG_ENABLE_OBJC_WEAK = YES;
				CLANG_WARN_BLOCK_CAPTURE_AUTORELEASING = YES;
				CLANG_WARN_BOOL_CONVERSION = YES;
				CLANG_WARN_COMMA = YES;
				CLANG_WARN_CONSTANT_CONVERSION = YES;
				CLANG_WARN_DEPRECATED_OBJC_IMPLEMENTATIONS = YES;
				CLANG_WARN_DIRECT_OBJC_ISA_USAGE = YES_ERROR;
				CLANG_WARN_DOCUMENTATION_COMMENTS = YES;
				CLANG_WARN_EMPTY_BODY = YES;
				CLANG_WARN_ENUM_CONVERSION = YES;
				CLANG_WARN_INFINITE_RECURSION = YES;
				CLANG_WARN_INT_CONVERSION = YES;
				CLANG_WARN_NON_LITERAL_NULL_CONVERSION = YES;
				CLANG_WARN_OBJC_IMPLICIT_RETAIN_SELF = YES;
				CLANG_WARN_OBJC_LITERAL_CONVERSION = YES;
				CLANG_WARN_OBJC_ROOT_CLASS = YES_ERROR;
				CLANG_WARN_QUOTED_INCLUDE_IN_FRAMEWORK_HEADER = YES;
				CLANG_WARN_RANGE_LOOP_ANALYSIS = YES;
				CLANG_WARN_STRICT_PROTOTYPES = YES;
				CLANG_WARN_SUSPICIOUS_MOVE = YES;
				CLANG_WARN_UNGUARDED_AVAILABILITY = YES_AGGRESSIVE;
				CLANG_WARN_UNREACHABLE_CODE = YES;
				CLANG_WARN__DUPLICATE_METHOD_MATCH = YES;
				COPY_PHASE_STRIP = NO;
				DEBUG_INFORMATION_FORMAT = "dwarf-with-dsym";
				ENABLE_NS_ASSERTIONS = NO;
				ENABLE_STRICT_OBJC_MSGSEND = YES;
				ENABLE_USER_SCRIPT_SANDBOXING = YES;
				GCC_C_LANGUAGE_STANDARD = gnu17;
				GCC_NO_COMMON_BLOCKS = YES;
				GCC_WARN_64_TO_32_BIT_CONVERSION = YES;
				GCC_WARN_ABOUT_RETURN_TYPE = YES_ERROR;
				GCC_WARN_UNDECLARED_SELECTOR = YES;
				GCC_WARN_UNINITIALIZED_AUTOS = YES_AGGRESSIVE;
				GCC_WARN_UNUSED_FUNCTION = YES;
				GCC_WARN_UNUSED_VARIABLE = YES;
				IPHONEOS_DEPLOYMENT_TARGET = 17.0;
				LOCALIZATION_PREFERS_STRING_CATALOGS = YES;
				MTL_ENABLE_DEBUG_INFO = NO;
				MTL_FAST_MATH = YES;
				SDKROOT = iphoneos;
				SWIFT_COMPILATION_MODE = wholemodule;
				VALIDATE_PRODUCT = YES;
			};
			name = Release;
		};
		F8AD8BA02BCB19CE00AB4BDA /* Debug */ = {
			isa = XCBuildConfiguration;
			buildSettings = {
				ASSETCATALOG_COMPILER_APPICON_NAME = AppIcon;
				ASSETCATALOG_COMPILER_GLOBAL_ACCENT_COLOR_NAME = AccentColor;
				CODE_SIGN_STYLE = Automatic;
				CURRENT_PROJECT_VERSION = 1;
				DEVELOPMENT_ASSET_PATHS = "\"Recipe-Snap-and-Store/Preview Content\"";
				DEVELOPMENT_TEAM = ZXSUZ55397;
				ENABLE_PREVIEWS = YES;
				GENERATE_INFOPLIST_FILE = YES;
				INFOPLIST_KEY_UIApplicationSceneManifest_Generation = YES;
				INFOPLIST_KEY_UIApplicationSupportsIndirectInputEvents = YES;
				INFOPLIST_KEY_UILaunchScreen_Generation = YES;
				INFOPLIST_KEY_UISupportedInterfaceOrientations_iPad = "UIInterfaceOrientationPortrait UIInterfaceOrientationPortraitUpsideDown UIInterfaceOrientationLandscapeLeft UIInterfaceOrientationLandscapeRight";
				INFOPLIST_KEY_UISupportedInterfaceOrientations_iPhone = "UIInterfaceOrientationPortrait UIInterfaceOrientationLandscapeLeft UIInterfaceOrientationLandscapeRight";
				LD_RUNPATH_SEARCH_PATHS = (
					"$(inherited)",
					"@executable_path/Frameworks",
				);
				MARKETING_VERSION = 1.0;
				PRODUCT_BUNDLE_IDENTIFIER = "com.mw.Recipe-Snap-and-Store";
				PRODUCT_NAME = "$(TARGET_NAME)";
				SWIFT_EMIT_LOC_STRINGS = YES;
				SWIFT_VERSION = 5.0;
				TARGETED_DEVICE_FAMILY = "1,2";
			};
			name = Debug;
		};
		F8AD8BA12BCB19CE00AB4BDA /* Release */ = {
			isa = XCBuildConfiguration;
			buildSettings = {
				ASSETCATALOG_COMPILER_APPICON_NAME = AppIcon;
				ASSETCATALOG_COMPILER_GLOBAL_ACCENT_COLOR_NAME = AccentColor;
				CODE_SIGN_STYLE = Automatic;
				CURRENT_PROJECT_VERSION = 1;
				DEVELOPMENT_ASSET_PATHS = "\"Recipe-Snap-and-Store/Preview Content\"";
				DEVELOPMENT_TEAM = ZXSUZ55397;
				ENABLE_PREVIEWS = YES;
				GENERATE_INFOPLIST_FILE = YES;
				INFOPLIST_KEY_UIApplicationSceneManifest_Generation = YES;
				INFOPLIST_KEY_UIApplicationSupportsIndirectInputEvents = YES;
				INFOPLIST_KEY_UILaunchScreen_Generation = YES;
				INFOPLIST_KEY_UISupportedInterfaceOrientations_iPad = "UIInterfaceOrientationPortrait UIInterfaceOrientationPortraitUpsideDown UIInterfaceOrientationLandscapeLeft UIInterfaceOrientationLandscapeRight";
				INFOPLIST_KEY_UISupportedInterfaceOrientations_iPhone = "UIInterfaceOrientationPortrait UIInterfaceOrientationLandscapeLeft UIInterfaceOrientationLandscapeRight";
				LD_RUNPATH_SEARCH_PATHS = (
					"$(inherited)",
					"@executable_path/Frameworks",
				);
				MARKETING_VERSION = 1.0;
				PRODUCT_BUNDLE_IDENTIFIER = "com.mw.Recipe-Snap-and-Store";
				PRODUCT_NAME = "$(TARGET_NAME)";
				SWIFT_EMIT_LOC_STRINGS = YES;
				SWIFT_VERSION = 5.0;
				TARGETED_DEVICE_FAMILY = "1,2";
			};
			name = Release;
		};
/* End XCBuildConfiguration section */

/* Begin XCConfigurationList section */
		F8AD8B8C2BCB19CD00AB4BDA /* Build configuration list for PBXProject "Recipe-Snap-and-Store" */ = {
			isa = XCConfigurationList;
			buildConfigurations = (
				F8AD8B9D2BCB19CE00AB4BDA /* Debug */,
				F8AD8B9E2BCB19CE00AB4BDA /* Release */,
			);
			defaultConfigurationIsVisible = 0;
			defaultConfigurationName = Release;
		};
		F8AD8B9F2BCB19CE00AB4BDA /* Build configuration list for PBXNativeTarget "Recipe-Snap-and-Store" */ = {
			isa = XCConfigurationList;
			buildConfigurations = (
				F8AD8BA02BCB19CE00AB4BDA /* Debug */,
				F8AD8BA12BCB19CE00AB4BDA /* Release */,
			);
			defaultConfigurationIsVisible = 0;
			defaultConfigurationName = Release;
		};
/* End XCConfigurationList section */

/* Begin XCRemoteSwiftPackageReference section */
		F8AD8BA22BCB1A8B00AB4BDA /* XCRemoteSwiftPackageReference "firebase-ios-sdk" */ = {
			isa = XCRemoteSwiftPackageReference;
			repositoryURL = "https://github.com/firebase/firebase-ios-sdk";
			requirement = {
				kind = upToNextMajorVersion;
				minimumVersion = 10.24.0;
			};
		};
/* End XCRemoteSwiftPackageReference section */

/* Begin XCSwiftPackageProductDependency section */
		F8AD8BA32BCB1A8B00AB4BDA /* FirebaseAnalytics */ = {
			isa = XCSwiftPackageProductDependency;
			package = F8AD8BA22BCB1A8B00AB4BDA /* XCRemoteSwiftPackageReference "firebase-ios-sdk" */;
			productName = FirebaseAnalytics;
		};
		F8AD8BA52BCB1A8B00AB4BDA /* FirebaseAnalyticsOnDeviceConversion */ = {
			isa = XCSwiftPackageProductDependency;
			package = F8AD8BA22BCB1A8B00AB4BDA /* XCRemoteSwiftPackageReference "firebase-ios-sdk" */;
			productName = FirebaseAnalyticsOnDeviceConversion;
		};
		F8AD8BA72BCB1A8B00AB4BDA /* FirebaseAnalyticsSwift */ = {
			isa = XCSwiftPackageProductDependency;
			package = F8AD8BA22BCB1A8B00AB4BDA /* XCRemoteSwiftPackageReference "firebase-ios-sdk" */;
			productName = FirebaseAnalyticsSwift;
		};
		F8AD8BA92BCB1A8B00AB4BDA /* FirebaseAnalyticsWithoutAdIdSupport */ = {
			isa = XCSwiftPackageProductDependency;
			package = F8AD8BA22BCB1A8B00AB4BDA /* XCRemoteSwiftPackageReference "firebase-ios-sdk" */;
			productName = FirebaseAnalyticsWithoutAdIdSupport;
		};
		F8AD8BAB2BCB1A8B00AB4BDA /* FirebaseAppCheck */ = {
			isa = XCSwiftPackageProductDependency;
			package = F8AD8BA22BCB1A8B00AB4BDA /* XCRemoteSwiftPackageReference "firebase-ios-sdk" */;
			productName = FirebaseAppCheck;
		};
		F8D2315E2BCB1DA700D3A3E8 /* FirebaseAuth */ = {
			isa = XCSwiftPackageProductDependency;
			package = F8AD8BA22BCB1A8B00AB4BDA /* XCRemoteSwiftPackageReference "firebase-ios-sdk" */;
			productName = FirebaseAuth;
		};
/* End XCSwiftPackageProductDependency section */
	};
	rootObject = F8AD8B892BCB19CD00AB4BDA /* Project object */;
}
